github.com/ashok-aroha/ACL-Go v1.0.2 h1:4S8lDlwmXgHpWQx8LIrC0411xuA7TbiRruo+gTk0bZc=
github.com/ashok-aroha/ACL-Go v1.0.2/go.mod h1:+ZIS1Qg6KwZshw6qgR+cCy+2Qa/qiX58q84+KyFvTXo=
github.com/ashok-aroha/ACL-Go v1.0.3 h1:fFRVXXLcFnLBKjQq7mAM3Dx3FwCflgEZ1rdXjwI06/I=
github.com/ashok-aroha/ACL-Go v1.0.3/go.mod h1:+ZIS1Qg6KwZshw6qgR+cCy+2Qa/qiX58q84+KyFvTXo=
